
Microsoft Visual Studio Solution File, Format Version 12.00
# Visual Studio Version 17
VisualStudioVersion = 17.11.35327.3
MinimumVisualStudioVersion = 10.0.40219.1
Project("{FAE04EC0-301F-11D3-BF4B-00C04F79EFBC}") = "WebApp1", "WebApp1\WebApp1.csproj", "{409D6F6E-F104-47C1-BB4B-3B1B83AB06A3}"
EndProject
Project("{FAE04EC0-301F-11D3-BF4B-00C04F79EFBC}") = "Core1", "Core1\Core1.csproj", "{9A442FB5-138A-450E-8007-1C693A66C07E}"
EndProject
Project("{FAE04EC0-301F-11D3-BF4B-00C04F79EFBC}") = "ServerAPI1", "ServerAPI1\ServerAPI1.csproj", "{92126F7D-80D6-4FDC-9630-567198FE655A}"
EndProject
Global
	GlobalSection(SolutionConfigurationPlatforms) = preSolution
		Debug|Any CPU = Debug|Any CPU
		Release|Any CPU = Release|Any CPU
	EndGlobalSection
	GlobalSection(ProjectConfigurationPlatforms) = postSolution
		{409D6F6E-F104-47C1-BB4B-3B1B83AB06A3}.Debug|Any CPU.ActiveCfg = Debug|Any CPU
		{409D6F6E-F104-47C1-BB4B-3B1B83AB06A3}.Debug|Any CPU.Build.0 = Debug|Any CPU
		{409D6F6E-F104-47C1-BB4B-3B1B83AB06A3}.Release|Any CPU.ActiveCfg = Release|Any CPU
		{409D6F6E-F104-47C1-BB4B-3B1B83AB06A3}.Release|Any CPU.Build.0 = Release|Any CPU
		{9A442FB5-138A-450E-8007-1C693A66C07E}.Debug|Any CPU.ActiveCfg = Debug|Any CPU
		{9A442FB5-138A-450E-8007-1C693A66C07E}.Debug|Any CPU.Build.0 = Debug|Any CPU
		{9A442FB5-138A-450E-8007-1C693A66C07E}.Release|Any CPU.ActiveCfg = Release|Any CPU
		{9A442FB5-138A-450E-8007-1C693A66C07E}.Release|Any CPU.Build.0 = Release|Any CPU
		{92126F7D-80D6-4FDC-9630-567198FE655A}.Debug|Any CPU.ActiveCfg = Debug|Any CPU
		{92126F7D-80D6-4FDC-9630-567198FE655A}.Debug|Any CPU.Build.0 = Debug|Any CPU
		{92126F7D-80D6-4FDC-9630-567198FE655A}.Release|Any CPU.ActiveCfg = Release|Any CPU
		{92126F7D-80D6-4FDC-9630-567198FE655A}.Release|Any CPU.Build.0 = Release|Any CPU
	EndGlobalSection
	GlobalSection(SolutionProperties) = preSolution
		HideSolutionNode = FALSE
	EndGlobalSection
	GlobalSection(ExtensibilityGlobals) = postSolution
		SolutionGuid = {0C51B780-75BE-4BCC-A2AA-46FE8D6ADAB9}
	EndGlobalSection
EndGlobal
